
Microsoft Visual Studio Solution File, Format Version 12.00
# Visual Studio Version 16
VisualStudioVersion = 16.0.30011.22
MinimumVisualStudioVersion = 10.0.40219.1
Project("{FAE04EC0-301F-11D3-BF4B-00C04F79EFBC}") = "Lb.Services.Payments", "LittleBirdie\Lb.Services.Payments.csproj", "{9C3A9C0B-6A94-41F4-AB45-8F0820E9FED6}"
EndProject
Global
	GlobalSection(SolutionConfigurationPlatforms) = preSolution
		Debug|Any CPU = Debug|Any CPU
		Release|Any CPU = Release|Any CPU
	EndGlobalSection
	GlobalSection(ProjectConfigurationPlatforms) = postSolution
		{9C3A9C0B-6A94-41F4-AB45-8F0820E9FED6}.Debug|Any CPU.ActiveCfg = Debug|Any CPU
		{9C3A9C0B-6A94-41F4-AB45-8F0820E9FED6}.Debug|Any CPU.Build.0 = Debug|Any CPU
		{9C3A9C0B-6A94-41F4-AB45-8F0820E9FED6}.Release|Any CPU.ActiveCfg = Release|Any CPU
		{9C3A9C0B-6A94-41F4-AB45-8F0820E9FED6}.Release|Any CPU.Build.0 = Release|Any CPU
	EndGlobalSection
	GlobalSection(SolutionProperties) = preSolution
		HideSolutionNode = FALSE
	EndGlobalSection
	GlobalSection(ExtensibilityGlobals) = postSolution
		SolutionGuid = {00AC0734-E2A4-4623-A696-EE357AE0D61F}
	EndGlobalSection
EndGlobal
